
Microsoft Visual Studio Solution File, Format Version 12.00
# Visual Studio Version 17
VisualStudioVersion = 17.5.33414.496
MinimumVisualStudioVersion = 10.0.40219.1
Project("{FAE04EC0-301F-11D3-BF4B-00C04F79EFBC}") = "ScreenSound2", "ScreenSound2.csproj", "{9AC821A6-2EB9-4610-8BF2-DA1BC6BB7567}"
EndProject
Global
	GlobalSection(SolutionConfigurationPlatforms) = preSolution
		Debug|Any CPU = Debug|Any CPU
		Release|Any CPU = Release|Any CPU
	EndGlobalSection
	GlobalSection(ProjectConfigurationPlatforms) = postSolution
		{9AC821A6-2EB9-4610-8BF2-DA1BC6BB7567}.Debug|Any CPU.ActiveCfg = Debug|Any CPU
		{9AC821A6-2EB9-4610-8BF2-DA1BC6BB7567}.Debug|Any CPU.Build.0 = Debug|Any CPU
		{9AC821A6-2EB9-4610-8BF2-DA1BC6BB7567}.Release|Any CPU.ActiveCfg = Release|Any CPU
		{9AC821A6-2EB9-4610-8BF2-DA1BC6BB7567}.Release|Any CPU.Build.0 = Release|Any CPU
	EndGlobalSection
	GlobalSection(SolutionProperties) = preSolution
		HideSolutionNode = FALSE
	EndGlobalSection
	GlobalSection(ExtensibilityGlobals) = postSolution
		SolutionGuid = {5AA09E9E-E276-4AA5-A645-01499A6BD99F}
	EndGlobalSection
EndGlobal
